<?xml version="1.0" encoding="UTF-8" standalone="yes" ?>
<CodeBlocks_project_file>
	<FileVersion major="1" minor="6" />
	<Project>
		<Option title="Bengine" />
		<Option pch_mode="2" />
		<Option compiler="gcc" />
		<Build>
			<Target title="Debug">
				<Option output="bin/Debug/Bengine" prefix_auto="1" extension_auto="1" />
				<Option working_dir="" />
				<Option object_output="obj/Debug/" />
				<Option type="2" />
				<Option compiler="gcc" />
				<Option createDefFile="1" />
				<Compiler>
					<Add option="-Wall" />
					<Add option="-g" />
					<Add directory="include" />
				</Compiler>
			</Target>
			<Target title="Release">
				<Option output="bin/Release/Bengine" prefix_auto="1" extension_auto="1" />
				<Option working_dir="" />
				<Option object_output="obj/Release/" />
				<Option type="2" />
				<Option compiler="gcc" />
				<Option createDefFile="1" />
				<Compiler>
					<Add option="-O2" />
					<Add option="-Wall" />
					<Add directory="../deps/include" />
					<Add directory="include" />
				</Compiler>
				<Linker>
					<Add option="-s" />
					<Add option="-lglew32s" />
					<Add library="mingw32" />
					<Add library="libSDL2main" />
					<Add library="libSDL2_ttf" />
					<Add library="libSDL2_mixer" />
					<Add library="libSDL2" />
					<Add library="opengl32" />
					<Add library="glew32" />
					<Add library="glew32s" />
					<Add directory="../deps/lib" />
				</Linker>
			</Target>
		</Build>
		<Unit filename="include/AudioEngine.h" />
		<Unit filename="include/Bengine.h" />
		<Unit filename="include/Camera2D.h" />
		<Unit filename="include/DebugRenderer.h" />
		<Unit filename="include/GLSLProgram.h" />
		<Unit filename="include/GLTexture.h" />
		<Unit filename="include/IGameScreen.h" />
		<Unit filename="include/IMainGame.h" />
		<Unit filename="include/IOManager.h" />
		<Unit filename="include/ImageLoader.h" />
		<Unit filename="include/InputManager.h" />
		<Unit filename="include/ParticleBatch2D.h" />
		<Unit filename="include/ParticleEngine2D.h" />
		<Unit filename="include/ScreenList.h" />
		<Unit filename="include/Sprite.h" />
		<Unit filename="include/SpriteBatch.h" />
		<Unit filename="include/SpriteFont.h" />
		<Unit filename="include/TextureCache.h" />
		<Unit filename="include/Timing.h" />
		<Unit filename="include/Vertex.h" />
		<Unit filename="include/Window.h" />
		<Unit filename="include/errors.h" />
		<Unit filename="include/picoPNG.h" />
		<Unit filename="include/resourceManager.h" />
		<Unit filename="main.cpp" />
		<Unit filename="src/AudioEngine.cpp" />
		<Unit filename="src/Bengine.cpp" />
		<Unit filename="src/Camera2D.cpp" />
		<Unit filename="src/DebugRenderer.cpp" />
		<Unit filename="src/GLSLProgram.cpp" />
		<Unit filename="src/IGameScreen.cpp" />
		<Unit filename="src/IMainGame.cpp" />
		<Unit filename="src/IOManager.cpp" />
		<Unit filename="src/ImageLoader.cpp" />
		<Unit filename="src/InputManager.cpp" />
		<Unit filename="src/ParticleBatch2D.cpp" />
		<Unit filename="src/ParticleEngine2D.cpp" />
		<Unit filename="src/ScreenList.cpp" />
		<Unit filename="src/Sprite.cpp" />
		<Unit filename="src/SpriteBatch.cpp" />
		<Unit filename="src/SpriteFont.cpp" />
		<Unit filename="src/TextureCache.cpp" />
		<Unit filename="src/Timing.cpp" />
		<Unit filename="src/Window.cpp" />
		<Unit filename="src/errors.cpp" />
		<Unit filename="src/picoPNG.cpp" />
		<Unit filename="src/resourceManager.cpp" />
		<Extensions>
			<code_completion />
			<envvars />
			<debugger />
			<lib_finder disable_auto="1" />
		</Extensions>
	</Project>
</CodeBlocks_project_file>
